
Microsoft Visual Studio Solution File, Format Version 12.00
# Visual Studio 2013
VisualStudioVersion = 12.0.30501.0
MinimumVisualStudioVersion = 10.0.40219.1
Project("{FAE04EC0-301F-11D3-BF4B-00C04F79EFBC}") = "XMLDocument", "XMLDocument\XMLDocument.csproj", "{C684D2BC-8654-4B7A-8373-1BFED0FE5F3E}"
EndProject
Project("{FAE04EC0-301F-11D3-BF4B-00C04F79EFBC}") = "TestXMLDocument", "TestXMLDocument\TestXMLDocument.csproj", "{D519B06E-98AF-4FCA-AFFF-308FF8B0304F}"
EndProject
Global
	GlobalSection(SolutionConfigurationPlatforms) = preSolution
		Debug|Any CPU = Debug|Any CPU
		Release|Any CPU = Release|Any CPU
	EndGlobalSection
	GlobalSection(ProjectConfigurationPlatforms) = postSolution
		{C684D2BC-8654-4B7A-8373-1BFED0FE5F3E}.Debug|Any CPU.ActiveCfg = Debug|Any CPU
		{C684D2BC-8654-4B7A-8373-1BFED0FE5F3E}.Debug|Any CPU.Build.0 = Debug|Any CPU
		{C684D2BC-8654-4B7A-8373-1BFED0FE5F3E}.Release|Any CPU.ActiveCfg = Release|Any CPU
		{C684D2BC-8654-4B7A-8373-1BFED0FE5F3E}.Release|Any CPU.Build.0 = Release|Any CPU
		{D519B06E-98AF-4FCA-AFFF-308FF8B0304F}.Debug|Any CPU.ActiveCfg = Debug|Any CPU
		{D519B06E-98AF-4FCA-AFFF-308FF8B0304F}.Debug|Any CPU.Build.0 = Debug|Any CPU
		{D519B06E-98AF-4FCA-AFFF-308FF8B0304F}.Release|Any CPU.ActiveCfg = Release|Any CPU
		{D519B06E-98AF-4FCA-AFFF-308FF8B0304F}.Release|Any CPU.Build.0 = Release|Any CPU
	EndGlobalSection
	GlobalSection(SolutionProperties) = preSolution
		HideSolutionNode = FALSE
	EndGlobalSection
EndGlobal
